<Solution>
  <Project Path="Firebase.Bindings/Firebase.Bindings.csproj">
    <Build Solution="Debug|*" Project="false" />
  </Project>
  <Project Path="Pivox.Client/Pivox.Client.csproj" />
  <Project Path="Pivox.Shared/Pivox.Shared.csproj" />
  <Project Path="Pivox.MacOs/Pivox.MacOs.csproj">
    <Build Solution="Debug|*" Project="false" />
  </Project>
</Solution>
